// !$*UTF8*$!
{
	archiveVersion = 1;
	classes = {
	};
	objectVersion = 55;
	objects = {

/* Begin PBXBuildFile section */
		82148B7F298E5842005FA95D /* MarsWeather.swift in Sources */ = {isa = PBXBuildFile; fileRef = 82148B7E298E5842005FA95D /* MarsWeather.swift */; };
		82148B81298E5866005FA95D /* ValidityChecks.swift in Sources */ = {isa = PBXBuildFile; fileRef = 82148B80298E5866005FA95D /* ValidityChecks.swift */; };
		82148B83298E5876005FA95D /* The1219.swift in Sources */ = {isa = PBXBuildFile; fileRef = 82148B82298E5876005FA95D /* The1219.swift */; };
		82148B85298E5885005FA95D /* At.swift in Sources */ = {isa = PBXBuildFile; fileRef = 82148B84298E5885005FA95D /* At.swift */; };
		82148B87298E58A5005FA95D /* MarsWeatherViewController.swift in Sources */ = {isa = PBXBuildFile; fileRef = 82148B86298E58A5005FA95D /* MarsWeatherViewController.swift */; };
		82148B8B298E5F74005FA95D /* MarsWeatherPresenter.swift in Sources */ = {isa = PBXBuildFile; fileRef = 82148B8A298E5F74005FA95D /* MarsWeatherPresenter.swift */; };
		8221EC6429EB31BA00D62FE2 /* LocationManager.swift in Sources */ = {isa = PBXBuildFile; fileRef = 8221EC6329EB31BA00D62FE2 /* LocationManager.swift */; };
		8221EC6629EB324800D62FE2 /* LocationViewModel.swift in Sources */ = {isa = PBXBuildFile; fileRef = 8221EC6529EB324800D62FE2 /* LocationViewModel.swift */; };
		8221EC6C29EB337C00D62FE2 /* Earth.swift in Sources */ = {isa = PBXBuildFile; fileRef = 8221EC6B29EB337C00D62FE2 /* Earth.swift */; };
		8221EC6E29EB339100D62FE2 /* Resource.swift in Sources */ = {isa = PBXBuildFile; fileRef = 8221EC6D29EB339100D62FE2 /* Resource.swift */; };
		8221EC7029EB33A700D62FE2 /* EarthPresenter.swift in Sources */ = {isa = PBXBuildFile; fileRef = 8221EC6F29EB33A700D62FE2 /* EarthPresenter.swift */; };
		8221EC7229EB387100D62FE2 /* EarthViewController.swift in Sources */ = {isa = PBXBuildFile; fileRef = 8221EC7129EB387100D62FE2 /* EarthViewController.swift */; };
		8239551D28BED9BD0064A1BB /* NASAImageCategoriesViewController.swift in Sources */ = {isa = PBXBuildFile; fileRef = 8239551C28BED9BD0064A1BB /* NASAImageCategoriesViewController.swift */; };
		8239551F28BEDA2B0064A1BB /* NasaImageCategoriesTableViewCell.swift in Sources */ = {isa = PBXBuildFile; fileRef = 8239551E28BEDA2B0064A1BB /* NasaImageCategoriesTableViewCell.swift */; };
		8239552128BEDCE10064A1BB /* NasaImageCategory.swift in Sources */ = {isa = PBXBuildFile; fileRef = 8239552028BEDCE10064A1BB /* NasaImageCategory.swift */; };
		8239552328BF039B0064A1BB /* NASAImageDetailViewController.swift in Sources */ = {isa = PBXBuildFile; fileRef = 8239552228BF039B0064A1BB /* NASAImageDetailViewController.swift */; };
		8255247829BE55510067EB68 /* NASASettingsOption.swift in Sources */ = {isa = PBXBuildFile; fileRef = 8255247729BE55510067EB68 /* NASASettingsOption.swift */; };
		8255247A29BE56770067EB68 /* NASASettingsView.swift in Sources */ = {isa = PBXBuildFile; fileRef = 8255247929BE56770067EB68 /* NASASettingsView.swift */; };
		8255247C29BE56A60067EB68 /* NASASettingsViewViewModel.swift in Sources */ = {isa = PBXBuildFile; fileRef = 8255247B29BE56A60067EB68 /* NASASettingsViewViewModel.swift */; };
		8255247E29BE56F70067EB68 /* NASASettingsCellViewModel.swift in Sources */ = {isa = PBXBuildFile; fileRef = 8255247D29BE56F70067EB68 /* NASASettingsCellViewModel.swift */; };
		8255248029BE58B20067EB68 /* NASASettingsViewController.swift in Sources */ = {isa = PBXBuildFile; fileRef = 8255247F29BE58B20067EB68 /* NASASettingsViewController.swift */; };
		8255248229BE67D20067EB68 /* AsteroidLinks.swift in Sources */ = {isa = PBXBuildFile; fileRef = 8255248129BE67D20067EB68 /* AsteroidLinks.swift */; };
		8255248429BE67E30067EB68 /* NearEarthObject.swift in Sources */ = {isa = PBXBuildFile; fileRef = 8255248329BE67E30067EB68 /* NearEarthObject.swift */; };
		8255248629BE67F60067EB68 /* CloseApproachDatum.swift in Sources */ = {isa = PBXBuildFile; fileRef = 8255248529BE67F60067EB68 /* CloseApproachDatum.swift */; };
		8255248829BE68050067EB68 /* MissDistance.swift in Sources */ = {isa = PBXBuildFile; fileRef = 8255248729BE68050067EB68 /* MissDistance.swift */; };
		8255248A29BE68130067EB68 /* OrbitingBody.swift in Sources */ = {isa = PBXBuildFile; fileRef = 8255248929BE68130067EB68 /* OrbitingBody.swift */; };
		8255248C29BE68220067EB68 /* RelativeVelocity.swift in Sources */ = {isa = PBXBuildFile; fileRef = 8255248B29BE68220067EB68 /* RelativeVelocity.swift */; };
		8255248E29BE68310067EB68 /* EstimatedDiameter.swift in Sources */ = {isa = PBXBuildFile; fileRef = 8255248D29BE68310067EB68 /* EstimatedDiameter.swift */; };
		8255249029BE68400067EB68 /* Feet.swift in Sources */ = {isa = PBXBuildFile; fileRef = 8255248F29BE68400067EB68 /* Feet.swift */; };
		8255249229BE684E0067EB68 /* NearEarthObjectLinks.swift in Sources */ = {isa = PBXBuildFile; fileRef = 8255249129BE684E0067EB68 /* NearEarthObjectLinks.swift */; };
		8255249729BE98B70067EB68 /* space music.mp3 in Resources */ = {isa = PBXBuildFile; fileRef = 8255249629BE98B70067EB68 /* space music.mp3 */; };
		826E245028A480DC007AF962 /* NASAImagesTableViewController.swift in Sources */ = {isa = PBXBuildFile; fileRef = 826E244F28A480DC007AF962 /* NASAImagesTableViewController.swift */; };
		826E245228A48101007AF962 /* NasaImagesTableViewCell.swift in Sources */ = {isa = PBXBuildFile; fileRef = 826E245128A48101007AF962 /* NasaImagesTableViewCell.swift */; };
		827EA8C129C8A3AC009570D3 /* SpeechRecognition.swift in Sources */ = {isa = PBXBuildFile; fileRef = 827EA8C029C8A3AC009570D3 /* SpeechRecognition.swift */; };
		82C1471929EC7AA300B94042 /* CalendarViewController.swift in Sources */ = {isa = PBXBuildFile; fileRef = 82C1471829EC7AA300B94042 /* CalendarViewController.swift */; };
		82C1471C29EC830800B94042 /* DateManager.swift in Sources */ = {isa = PBXBuildFile; fileRef = 82C1471B29EC830800B94042 /* DateManager.swift */; };
		82C5ABFE2981C2B100D26D7C /* Apod.swift in Sources */ = {isa = PBXBuildFile; fileRef = 82C5ABFD2981C2B100D26D7C /* Apod.swift */; };
		82C5AC002981C2D900D26D7C /* APODViewController.swift in Sources */ = {isa = PBXBuildFile; fileRef = 82C5ABFF2981C2D900D26D7C /* APODViewController.swift */; };
		82C5AC022981C4FA00D26D7C /* APODPresenter.swift in Sources */ = {isa = PBXBuildFile; fileRef = 82C5AC012981C4FA00D26D7C /* APODPresenter.swift */; };
		82C5AC052981FBEB00D26D7C /* space.wav in Resources */ = {isa = PBXBuildFile; fileRef = 82C5AC042981FBEB00D26D7C /* space.wav */; };
		82C5AC0A29822F6A00D26D7C /* NASAImageInfoViewModel.swift in Sources */ = {isa = PBXBuildFile; fileRef = 82C5AC0929822F6A00D26D7C /* NASAImageInfoViewModel.swift */; };
		82C5AC0C29822F8200D26D7C /* NASAImageViewModel.swift in Sources */ = {isa = PBXBuildFile; fileRef = 82C5AC0B29822F8200D26D7C /* NASAImageViewModel.swift */; };
		82C5AC122982620000D26D7C /* NASAImageLibraryListView.swift in Sources */ = {isa = PBXBuildFile; fileRef = 82C5AC112982620000D26D7C /* NASAImageLibraryListView.swift */; };
		82C5AC14298263BE00D26D7C /* NASAImageLibraryListViewViewModel.swift in Sources */ = {isa = PBXBuildFile; fileRef = 82C5AC13298263BE00D26D7C /* NASAImageLibraryListViewViewModel.swift */; };
		82C5AC16298265BD00D26D7C /* NASAImageLibraryViewController.swift in Sources */ = {isa = PBXBuildFile; fileRef = 82C5AC15298265BD00D26D7C /* NASAImageLibraryViewController.swift */; };
		82C5AC18298266F200D26D7C /* NASAImageLibraryCollectionViewCell.swift in Sources */ = {isa = PBXBuildFile; fileRef = 82C5AC17298266F200D26D7C /* NASAImageLibraryCollectionViewCell.swift */; };
		82C5AC1A298268D600D26D7C /* NASAImageLibraryCollectionViewCellViewModel.swift in Sources */ = {isa = PBXBuildFile; fileRef = 82C5AC19298268D600D26D7C /* NASAImageLibraryCollectionViewCellViewModel.swift */; };
		82C6F24728A4090E00B8EA70 /* AppDelegate.swift in Sources */ = {isa = PBXBuildFile; fileRef = 82C6F24628A4090E00B8EA70 /* AppDelegate.swift */; };
		82C6F24928A4090E00B8EA70 /* SceneDelegate.swift in Sources */ = {isa = PBXBuildFile; fileRef = 82C6F24828A4090E00B8EA70 /* SceneDelegate.swift */; };
		82C6F25028A4091100B8EA70 /* Assets.xcassets in Resources */ = {isa = PBXBuildFile; fileRef = 82C6F24F28A4091100B8EA70 /* Assets.xcassets */; };
		82C6F25328A4091100B8EA70 /* LaunchScreen.storyboard in Resources */ = {isa = PBXBuildFile; fileRef = 82C6F25128A4091100B8EA70 /* LaunchScreen.storyboard */; };
		82C6F25F28A4093500B8EA70 /* MarsImage.swift in Sources */ = {isa = PBXBuildFile; fileRef = 82C6F25E28A4093500B8EA70 /* MarsImage.swift */; };
		82C6F26128A40A1800B8EA70 /* NASAPresenter.swift in Sources */ = {isa = PBXBuildFile; fileRef = 82C6F26028A40A1800B8EA70 /* NASAPresenter.swift */; };
		82D3C07828C5743500084046 /* NASAVideoPlayerViewController.swift in Sources */ = {isa = PBXBuildFile; fileRef = 82D3C07728C5743500084046 /* NASAVideoPlayerViewController.swift */; };
		82D3C07A28C5759700084046 /* NASAVideosTableViewController.swift in Sources */ = {isa = PBXBuildFile; fileRef = 82D3C07928C5759700084046 /* NASAVideosTableViewController.swift */; };
		82E569FD297E110000879E21 /* NASAImageCategoriesListView.swift in Sources */ = {isa = PBXBuildFile; fileRef = 82E569FC297E110000879E21 /* NASAImageCategoriesListView.swift */; };
		82E569FF297E112300879E21 /* NASAImageCategoriesListViewViewModel.swift in Sources */ = {isa = PBXBuildFile; fileRef = 82E569FE297E112300879E21 /* NASAImageCategoriesListViewViewModel.swift */; };
		82E56A01297E114F00879E21 /* NASAImageCategoriesListViewController.swift in Sources */ = {isa = PBXBuildFile; fileRef = 82E56A00297E114F00879E21 /* NASAImageCategoriesListViewController.swift */; };
		82E56A03297E128700879E21 /* NASAImageCategoriesCollectionViewCell.swift in Sources */ = {isa = PBXBuildFile; fileRef = 82E56A02297E128700879E21 /* NASAImageCategoriesCollectionViewCell.swift */; };
		82E56A05297E167C00879E21 /* NASAImageCategoriesCollectionViewViewModel.swift in Sources */ = {isa = PBXBuildFile; fileRef = 82E56A04297E167C00879E21 /* NASAImageCategoriesCollectionViewViewModel.swift */; };
		82E56A0E297E31F800879E21 /* UIView + Extensions.swift in Sources */ = {isa = PBXBuildFile; fileRef = 82E56A0D297E31F800879E21 /* UIView + Extensions.swift */; };
		82E56A18297E358B00879E21 /* SplashScreenController.swift in Sources */ = {isa = PBXBuildFile; fileRef = 82E56A17297E358B00879E21 /* SplashScreenController.swift */; };
		82E56A32297F688D00879E21 /* EPIC.swift in Sources */ = {isa = PBXBuildFile; fileRef = 82E56A31297F688D00879E21 /* EPIC.swift */; };
		82E56A34297F68CA00879E21 /* EPICNASAImagesListView.swift in Sources */ = {isa = PBXBuildFile; fileRef = 82E56A33297F68CA00879E21 /* EPICNASAImagesListView.swift */; };
		82E56A36297F68F900879E21 /* EPICNASAImagesViewController.swift in Sources */ = {isa = PBXBuildFile; fileRef = 82E56A35297F68F900879E21 /* EPICNASAImagesViewController.swift */; };
		82E56A38297F692100879E21 /* NASAEPICImagesCollectionViewCell.swift in Sources */ = {isa = PBXBuildFile; fileRef = 82E56A37297F692100879E21 /* NASAEPICImagesCollectionViewCell.swift */; };
		82E56A3A297F694D00879E21 /* EPICNASAImagesListViewViewModel.swift in Sources */ = {isa = PBXBuildFile; fileRef = 82E56A39297F694D00879E21 /* EPICNASAImagesListViewViewModel.swift */; };
		82E56A3C297F696A00879E21 /* NASAEPICImagesCollectionViewCellViewModel.swift in Sources */ = {isa = PBXBuildFile; fileRef = 82E56A3B297F696A00879E21 /* NASAEPICImagesCollectionViewCellViewModel.swift */; };
		82E56A3F297F732800879E21 /* NASAService.swift in Sources */ = {isa = PBXBuildFile; fileRef = 82E56A3E297F732800879E21 /* NASAService.swift */; };
		82E56A47297F8A9200879E21 /* AttitudeQuaternions.swift in Sources */ = {isa = PBXBuildFile; fileRef = 82E56A46297F8A9200879E21 /* AttitudeQuaternions.swift */; };
		82E56A49297F8AA500879E21 /* CentroidCoordinates.swift in Sources */ = {isa = PBXBuildFile; fileRef = 82E56A48297F8AA500879E21 /* CentroidCoordinates.swift */; };
		82E56A4B297F8AB900879E21 /* Coords.swift in Sources */ = {isa = PBXBuildFile; fileRef = 82E56A4A297F8AB900879E21 /* Coords.swift */; };
		82E56A4D297F8AD000879E21 /* J2000Position.swift in Sources */ = {isa = PBXBuildFile; fileRef = 82E56A4C297F8AD000879E21 /* J2000Position.swift */; };
		82E56A50297F8C2400879E21 /* SoundClass.swift in Sources */ = {isa = PBXBuildFile; fileRef = 82E56A4F297F8C2400879E21 /* SoundClass.swift */; };
		82E56A59297FC65700879E21 /* camera.mp3 in Resources */ = {isa = PBXBuildFile; fileRef = 82E56A58297FC65700879E21 /* camera.mp3 */; };
		82E56A5B297FC7F100879E21 /* Photo.swift in Sources */ = {isa = PBXBuildFile; fileRef = 82E56A5A297FC7F100879E21 /* Photo.swift */; };
		82E56A5D297FC80E00879E21 /* Camera.swift in Sources */ = {isa = PBXBuildFile; fileRef = 82E56A5C297FC80E00879E21 /* Camera.swift */; };
		82E56A5F297FC81F00879E21 /* Rover.swift in Sources */ = {isa = PBXBuildFile; fileRef = 82E56A5E297FC81F00879E21 /* Rover.swift */; };
		82E56A61297FC82A00879E21 /* NASAImageAndVideoLibrary.swift in Sources */ = {isa = PBXBuildFile; fileRef = 82E56A60297FC82A00879E21 /* NASAImageAndVideoLibrary.swift */; };
		82E56A63297FC83A00879E21 /* Collection.swift in Sources */ = {isa = PBXBuildFile; fileRef = 82E56A62297FC83A00879E21 /* Collection.swift */; };
		82E56A65297FC84C00879E21 /* Item.swift in Sources */ = {isa = PBXBuildFile; fileRef = 82E56A64297FC84C00879E21 /* Item.swift */; };
		82E56A67297FC86600879E21 /* LibraryData.swift in Sources */ = {isa = PBXBuildFile; fileRef = 82E56A66297FC86600879E21 /* LibraryData.swift */; };
		82E56A69297FC87A00879E21 /* Link.swift in Sources */ = {isa = PBXBuildFile; fileRef = 82E56A68297FC87A00879E21 /* Link.swift */; };
		82E56A6B297FC89100879E21 /* Metadata.swift in Sources */ = {isa = PBXBuildFile; fileRef = 82E56A6A297FC89100879E21 /* Metadata.swift */; };
		82E56A7A297FE34800879E21 /* MarsPhotosListView.swift in Sources */ = {isa = PBXBuildFile; fileRef = 82E56A79297FE34800879E21 /* MarsPhotosListView.swift */; };
		82E56A7C297FE3B500879E21 /* MarsPhotosViewController.swift in Sources */ = {isa = PBXBuildFile; fileRef = 82E56A7B297FE3B500879E21 /* MarsPhotosViewController.swift */; };
		82E56A7E297FE3E700879E21 /* MarsPhotosCollectionViewCell.swift in Sources */ = {isa = PBXBuildFile; fileRef = 82E56A7D297FE3E700879E21 /* MarsPhotosCollectionViewCell.swift */; };
		82E56A80297FE44500879E21 /* MarsPhotosListViewViewModel.swift in Sources */ = {isa = PBXBuildFile; fileRef = 82E56A7F297FE44500879E21 /* MarsPhotosListViewViewModel.swift */; };
		82E56A82297FE46700879E21 /* MarsPhotosCollectionViewCellViewModel.swift in Sources */ = {isa = PBXBuildFile; fileRef = 82E56A81297FE46700879E21 /* MarsPhotosCollectionViewCellViewModel.swift */; };
		82E5933728D8FF3900C05065 /* RoundedImageView.swift in Sources */ = {isa = PBXBuildFile; fileRef = 82E5933628D8FF3900C05065 /* RoundedImageView.swift */; };
		82E9B9412976059B000845B3 /* AnimationClass.swift in Sources */ = {isa = PBXBuildFile; fileRef = 82E9B9402976059B000845B3 /* AnimationClass.swift */; };
		82E9B951297607F0000845B3 /* NASATabBarController.swift in Sources */ = {isa = PBXBuildFile; fileRef = 82E9B950297607F0000845B3 /* NASATabBarController.swift */; };
		82F2573028B838DD00824A80 /* Asteroid.swift in Sources */ = {isa = PBXBuildFile; fileRef = 82F2572F28B838DD00824A80 /* Asteroid.swift */; };
		82F2573228B838F800824A80 /* AsteroidsViewModel.swift in Sources */ = {isa = PBXBuildFile; fileRef = 82F2573128B838F800824A80 /* AsteroidsViewModel.swift */; };
		82F2573428B8392200824A80 /* AsteroidViewController.swift in Sources */ = {isa = PBXBuildFile; fileRef = 82F2573328B8392200824A80 /* AsteroidViewController.swift */; };
		9F7E000EA48567FEF4191BFD /* Pods_NASA_API.framework in Frameworks */ = {isa = PBXBuildFile; fileRef = BDAA51A617C4D2A88B8622AD /* Pods_NASA_API.framework */; };
/* End PBXBuildFile section */

/* Begin PBXFileReference section */
		201E09660E9CBBFEC1428311 /* Pods-NASA API.debug.xcconfig */ = {isa = PBXFileReference; includeInIndex = 1; lastKnownFileType = text.xcconfig; name = "Pods-NASA API.debug.xcconfig"; path = "Target Support Files/Pods-NASA API/Pods-NASA API.debug.xcconfig"; sourceTree = "<group>"; };
		82148B7E298E5842005FA95D /* MarsWeather.swift */ = {isa = PBXFileReference; lastKnownFileType = sourcecode.swift; path = MarsWeather.swift; sourceTree = "<group>"; };
		82148B80298E5866005FA95D /* ValidityChecks.swift */ = {isa = PBXFileReference; lastKnownFileType = sourcecode.swift; path = ValidityChecks.swift; sourceTree = "<group>"; };
		82148B82298E5876005FA95D /* The1219.swift */ = {isa = PBXFileReference; lastKnownFileType = sourcecode.swift; path = The1219.swift; sourceTree = "<group>"; };
		82148B84298E5885005FA95D /* At.swift */ = {isa = PBXFileReference; lastKnownFileType = sourcecode.swift; path = At.swift; sourceTree = "<group>"; };
		82148B86298E58A5005FA95D /* MarsWeatherViewController.swift */ = {isa = PBXFileReference; lastKnownFileType = sourcecode.swift; path = MarsWeatherViewController.swift; sourceTree = "<group>"; };
		82148B8A298E5F74005FA95D /* MarsWeatherPresenter.swift */ = {isa = PBXFileReference; lastKnownFileType = sourcecode.swift; path = MarsWeatherPresenter.swift; sourceTree = "<group>"; };
		8221EC6329EB31BA00D62FE2 /* LocationManager.swift */ = {isa = PBXFileReference; lastKnownFileType = sourcecode.swift; path = LocationManager.swift; sourceTree = "<group>"; };
		8221EC6529EB324800D62FE2 /* LocationViewModel.swift */ = {isa = PBXFileReference; lastKnownFileType = sourcecode.swift; path = LocationViewModel.swift; sourceTree = "<group>"; };
		8221EC6B29EB337C00D62FE2 /* Earth.swift */ = {isa = PBXFileReference; lastKnownFileType = sourcecode.swift; path = Earth.swift; sourceTree = "<group>"; };
		8221EC6D29EB339100D62FE2 /* Resource.swift */ = {isa = PBXFileReference; lastKnownFileType = sourcecode.swift; path = Resource.swift; sourceTree = "<group>"; };
		8221EC6F29EB33A700D62FE2 /* EarthPresenter.swift */ = {isa = PBXFileReference; lastKnownFileType = sourcecode.swift; path = EarthPresenter.swift; sourceTree = "<group>"; };
		8221EC7129EB387100D62FE2 /* EarthViewController.swift */ = {isa = PBXFileReference; lastKnownFileType = sourcecode.swift; path = EarthViewController.swift; sourceTree = "<group>"; };
		8239551C28BED9BD0064A1BB /* NASAImageCategoriesViewController.swift */ = {isa = PBXFileReference; lastKnownFileType = sourcecode.swift; path = NASAImageCategoriesViewController.swift; sourceTree = "<group>"; };
		8239551E28BEDA2B0064A1BB /* NasaImageCategoriesTableViewCell.swift */ = {isa = PBXFileReference; lastKnownFileType = sourcecode.swift; path = NasaImageCategoriesTableViewCell.swift; sourceTree = "<group>"; };
		8239552028BEDCE10064A1BB /* NasaImageCategory.swift */ = {isa = PBXFileReference; lastKnownFileType = sourcecode.swift; path = NasaImageCategory.swift; sourceTree = "<group>"; };
		8239552228BF039B0064A1BB /* NASAImageDetailViewController.swift */ = {isa = PBXFileReference; lastKnownFileType = sourcecode.swift; path = NASAImageDetailViewController.swift; sourceTree = "<group>"; };
		8255247729BE55510067EB68 /* NASASettingsOption.swift */ = {isa = PBXFileReference; lastKnownFileType = sourcecode.swift; path = NASASettingsOption.swift; sourceTree = "<group>"; };
		8255247929BE56770067EB68 /* NASASettingsView.swift */ = {isa = PBXFileReference; lastKnownFileType = sourcecode.swift; path = NASASettingsView.swift; sourceTree = "<group>"; };
		8255247B29BE56A60067EB68 /* NASASettingsViewViewModel.swift */ = {isa = PBXFileReference; lastKnownFileType = sourcecode.swift; path = NASASettingsViewViewModel.swift; sourceTree = "<group>"; };
		8255247D29BE56F70067EB68 /* NASASettingsCellViewModel.swift */ = {isa = PBXFileReference; lastKnownFileType = sourcecode.swift; path = NASASettingsCellViewModel.swift; sourceTree = "<group>"; };
		8255247F29BE58B20067EB68 /* NASASettingsViewController.swift */ = {isa = PBXFileReference; lastKnownFileType = sourcecode.swift; path = NASASettingsViewController.swift; sourceTree = "<group>"; };
		8255248129BE67D20067EB68 /* AsteroidLinks.swift */ = {isa = PBXFileReference; lastKnownFileType = sourcecode.swift; path = AsteroidLinks.swift; sourceTree = "<group>"; };
		8255248329BE67E30067EB68 /* NearEarthObject.swift */ = {isa = PBXFileReference; lastKnownFileType = sourcecode.swift; path = NearEarthObject.swift; sourceTree = "<group>"; };
		8255248529BE67F60067EB68 /* CloseApproachDatum.swift */ = {isa = PBXFileReference; lastKnownFileType = sourcecode.swift; path = CloseApproachDatum.swift; sourceTree = "<group>"; };
		8255248729BE68050067EB68 /* MissDistance.swift */ = {isa = PBXFileReference; lastKnownFileType = sourcecode.swift; path = MissDistance.swift; sourceTree = "<group>"; };
		8255248929BE68130067EB68 /* OrbitingBody.swift */ = {isa = PBXFileReference; lastKnownFileType = sourcecode.swift; path = OrbitingBody.swift; sourceTree = "<group>"; };
		8255248B29BE68220067EB68 /* RelativeVelocity.swift */ = {isa = PBXFileReference; lastKnownFileType = sourcecode.swift; path = RelativeVelocity.swift; sourceTree = "<group>"; };
		8255248D29BE68310067EB68 /* EstimatedDiameter.swift */ = {isa = PBXFileReference; lastKnownFileType = sourcecode.swift; path = EstimatedDiameter.swift; sourceTree = "<group>"; };
		8255248F29BE68400067EB68 /* Feet.swift */ = {isa = PBXFileReference; lastKnownFileType = sourcecode.swift; path = Feet.swift; sourceTree = "<group>"; };
		8255249129BE684E0067EB68 /* NearEarthObjectLinks.swift */ = {isa = PBXFileReference; lastKnownFileType = sourcecode.swift; path = NearEarthObjectLinks.swift; sourceTree = "<group>"; };
		8255249629BE98B70067EB68 /* space music.mp3 */ = {isa = PBXFileReference; lastKnownFileType = audio.mp3; name = "space music.mp3"; path = "../../../../../QUIZ-2.0/QUIZ 2.0/QUIZ 2.0/Sounds/categories music/space music.mp3"; sourceTree = "<group>"; };
		826E244F28A480DC007AF962 /* NASAImagesTableViewController.swift */ = {isa = PBXFileReference; lastKnownFileType = sourcecode.swift; path = NASAImagesTableViewController.swift; sourceTree = "<group>"; };
		826E245128A48101007AF962 /* NasaImagesTableViewCell.swift */ = {isa = PBXFileReference; lastKnownFileType = sourcecode.swift; path = NasaImagesTableViewCell.swift; sourceTree = "<group>"; };
		827EA8C029C8A3AC009570D3 /* SpeechRecognition.swift */ = {isa = PBXFileReference; lastKnownFileType = sourcecode.swift; path = SpeechRecognition.swift; sourceTree = "<group>"; };
		82A2E745B9C3FF7B18738670 /* Pods-NASA API.release.xcconfig */ = {isa = PBXFileReference; includeInIndex = 1; lastKnownFileType = text.xcconfig; name = "Pods-NASA API.release.xcconfig"; path = "Target Support Files/Pods-NASA API/Pods-NASA API.release.xcconfig"; sourceTree = "<group>"; };
		82C1471829EC7AA300B94042 /* CalendarViewController.swift */ = {isa = PBXFileReference; lastKnownFileType = sourcecode.swift; path = CalendarViewController.swift; sourceTree = "<group>"; };
		82C1471B29EC830800B94042 /* DateManager.swift */ = {isa = PBXFileReference; lastKnownFileType = sourcecode.swift; path = DateManager.swift; sourceTree = "<group>"; };
		82C5ABFD2981C2B100D26D7C /* Apod.swift */ = {isa = PBXFileReference; lastKnownFileType = sourcecode.swift; path = Apod.swift; sourceTree = "<group>"; };
		82C5ABFF2981C2D900D26D7C /* APODViewController.swift */ = {isa = PBXFileReference; lastKnownFileType = sourcecode.swift; path = APODViewController.swift; sourceTree = "<group>"; };
		82C5AC012981C4FA00D26D7C /* APODPresenter.swift */ = {isa = PBXFileReference; lastKnownFileType = sourcecode.swift; path = APODPresenter.swift; sourceTree = "<group>"; };
		82C5AC042981FBEB00D26D7C /* space.wav */ = {isa = PBXFileReference; lastKnownFileType = audio.wav; name = space.wav; path = "NASA API/Sounds/space.wav"; sourceTree = SOURCE_ROOT; };
		82C5AC0929822F6A00D26D7C /* NASAImageInfoViewModel.swift */ = {isa = PBXFileReference; lastKnownFileType = sourcecode.swift; path = NASAImageInfoViewModel.swift; sourceTree = "<group>"; };
		82C5AC0B29822F8200D26D7C /* NASAImageViewModel.swift */ = {isa = PBXFileReference; lastKnownFileType = sourcecode.swift; path = NASAImageViewModel.swift; sourceTree = "<group>"; };
		82C5AC112982620000D26D7C /* NASAImageLibraryListView.swift */ = {isa = PBXFileReference; lastKnownFileType = sourcecode.swift; path = NASAImageLibraryListView.swift; sourceTree = "<group>"; };
		82C5AC13298263BE00D26D7C /* NASAImageLibraryListViewViewModel.swift */ = {isa = PBXFileReference; lastKnownFileType = sourcecode.swift; path = NASAImageLibraryListViewViewModel.swift; sourceTree = "<group>"; };
		82C5AC15298265BD00D26D7C /* NASAImageLibraryViewController.swift */ = {isa = PBXFileReference; lastKnownFileType = sourcecode.swift; path = NASAImageLibraryViewController.swift; sourceTree = "<group>"; };
		82C5AC17298266F200D26D7C /* NASAImageLibraryCollectionViewCell.swift */ = {isa = PBXFileReference; lastKnownFileType = sourcecode.swift; path = NASAImageLibraryCollectionViewCell.swift; sourceTree = "<group>"; };
		82C5AC19298268D600D26D7C /* NASAImageLibraryCollectionViewCellViewModel.swift */ = {isa = PBXFileReference; lastKnownFileType = sourcecode.swift; path = NASAImageLibraryCollectionViewCellViewModel.swift; sourceTree = "<group>"; };
		82C6F24328A4090E00B8EA70 /* NASA API.app */ = {isa = PBXFileReference; explicitFileType = wrapper.application; includeInIndex = 0; path = "NASA API.app"; sourceTree = BUILT_PRODUCTS_DIR; };
		82C6F24628A4090E00B8EA70 /* AppDelegate.swift */ = {isa = PBXFileReference; lastKnownFileType = sourcecode.swift; path = AppDelegate.swift; sourceTree = "<group>"; };
		82C6F24828A4090E00B8EA70 /* SceneDelegate.swift */ = {isa = PBXFileReference; lastKnownFileType = sourcecode.swift; path = SceneDelegate.swift; sourceTree = "<group>"; };
		82C6F24F28A4091100B8EA70 /* Assets.xcassets */ = {isa = PBXFileReference; lastKnownFileType = folder.assetcatalog; path = Assets.xcassets; sourceTree = "<group>"; };
		82C6F25228A4091100B8EA70 /* Base */ = {isa = PBXFileReference; lastKnownFileType = file.storyboard; name = Base; path = Base.lproj/LaunchScreen.storyboard; sourceTree = "<group>"; };
		82C6F25428A4091100B8EA70 /* Info.plist */ = {isa = PBXFileReference; lastKnownFileType = text.plist.xml; path = Info.plist; sourceTree = "<group>"; };
		82C6F25E28A4093500B8EA70 /* MarsImage.swift */ = {isa = PBXFileReference; lastKnownFileType = sourcecode.swift; path = MarsImage.swift; sourceTree = "<group>"; };
		82C6F26028A40A1800B8EA70 /* NASAPresenter.swift */ = {isa = PBXFileReference; lastKnownFileType = sourcecode.swift; path = NASAPresenter.swift; sourceTree = "<group>"; };
		82D3C07728C5743500084046 /* NASAVideoPlayerViewController.swift */ = {isa = PBXFileReference; lastKnownFileType = sourcecode.swift; path = NASAVideoPlayerViewController.swift; sourceTree = "<group>"; };
		82D3C07928C5759700084046 /* NASAVideosTableViewController.swift */ = {isa = PBXFileReference; lastKnownFileType = sourcecode.swift; path = NASAVideosTableViewController.swift; sourceTree = "<group>"; };
		82E569FC297E110000879E21 /* NASAImageCategoriesListView.swift */ = {isa = PBXFileReference; lastKnownFileType = sourcecode.swift; path = NASAImageCategoriesListView.swift; sourceTree = "<group>"; };
		82E569FE297E112300879E21 /* NASAImageCategoriesListViewViewModel.swift */ = {isa = PBXFileReference; lastKnownFileType = sourcecode.swift; path = NASAImageCategoriesListViewViewModel.swift; sourceTree = "<group>"; };
		82E56A00297E114F00879E21 /* NASAImageCategoriesListViewController.swift */ = {isa = PBXFileReference; lastKnownFileType = sourcecode.swift; path = NASAImageCategoriesListViewController.swift; sourceTree = "<group>"; };
		82E56A02297E128700879E21 /* NASAImageCategoriesCollectionViewCell.swift */ = {isa = PBXFileReference; lastKnownFileType = sourcecode.swift; path = NASAImageCategoriesCollectionViewCell.swift; sourceTree = "<group>"; };
		82E56A04297E167C00879E21 /* NASAImageCategoriesCollectionViewViewModel.swift */ = {isa = PBXFileReference; lastKnownFileType = sourcecode.swift; path = NASAImageCategoriesCollectionViewViewModel.swift; sourceTree = "<group>"; };
		82E56A0D297E31F800879E21 /* UIView + Extensions.swift */ = {isa = PBXFileReference; lastKnownFileType = sourcecode.swift; path = "UIView + Extensions.swift"; sourceTree = "<group>"; };
		82E56A17297E358B00879E21 /* SplashScreenController.swift */ = {isa = PBXFileReference; lastKnownFileType = sourcecode.swift; path = SplashScreenController.swift; sourceTree = "<group>"; };
		82E56A31297F688D00879E21 /* EPIC.swift */ = {isa = PBXFileReference; lastKnownFileType = sourcecode.swift; path = EPIC.swift; sourceTree = "<group>"; };
		82E56A33297F68CA00879E21 /* EPICNASAImagesListView.swift */ = {isa = PBXFileReference; lastKnownFileType = sourcecode.swift; path = EPICNASAImagesListView.swift; sourceTree = "<group>"; };
		82E56A35297F68F900879E21 /* EPICNASAImagesViewController.swift */ = {isa = PBXFileReference; lastKnownFileType = sourcecode.swift; path = EPICNASAImagesViewController.swift; sourceTree = "<group>"; };
		82E56A37297F692100879E21 /* NASAEPICImagesCollectionViewCell.swift */ = {isa = PBXFileReference; lastKnownFileType = sourcecode.swift; path = NASAEPICImagesCollectionViewCell.swift; sourceTree = "<group>"; };
		82E56A39297F694D00879E21 /* EPICNASAImagesListViewViewModel.swift */ = {isa = PBXFileReference; lastKnownFileType = sourcecode.swift; path = EPICNASAImagesListViewViewModel.swift; sourceTree = "<group>"; };
		82E56A3B297F696A00879E21 /* NASAEPICImagesCollectionViewCellViewModel.swift */ = {isa = PBXFileReference; lastKnownFileType = sourcecode.swift; path = NASAEPICImagesCollectionViewCellViewModel.swift; sourceTree = "<group>"; };
		82E56A3E297F732800879E21 /* NASAService.swift */ = {isa = PBXFileReference; lastKnownFileType = sourcecode.swift; path = NASAService.swift; sourceTree = "<group>"; };
		82E56A46297F8A9200879E21 /* AttitudeQuaternions.swift */ = {isa = PBXFileReference; lastKnownFileType = sourcecode.swift; path = AttitudeQuaternions.swift; sourceTree = "<group>"; };
		82E56A48297F8AA500879E21 /* CentroidCoordinates.swift */ = {isa = PBXFileReference; lastKnownFileType = sourcecode.swift; path = CentroidCoordinates.swift; sourceTree = "<group>"; };
		82E56A4A297F8AB900879E21 /* Coords.swift */ = {isa = PBXFileReference; lastKnownFileType = sourcecode.swift; path = Coords.swift; sourceTree = "<group>"; };
		82E56A4C297F8AD000879E21 /* J2000Position.swift */ = {isa = PBXFileReference; lastKnownFileType = sourcecode.swift; path = J2000Position.swift; sourceTree = "<group>"; };
		82E56A4F297F8C2400879E21 /* SoundClass.swift */ = {isa = PBXFileReference; lastKnownFileType = sourcecode.swift; path = SoundClass.swift; sourceTree = "<group>"; };
		82E56A58297FC65700879E21 /* camera.mp3 */ = {isa = PBXFileReference; lastKnownFileType = audio.mp3; name = camera.mp3; path = "NASA API/Sounds/camera.mp3"; sourceTree = SOURCE_ROOT; };
		82E56A5A297FC7F100879E21 /* Photo.swift */ = {isa = PBXFileReference; lastKnownFileType = sourcecode.swift; path = Photo.swift; sourceTree = "<group>"; };
		82E56A5C297FC80E00879E21 /* Camera.swift */ = {isa = PBXFileReference; lastKnownFileType = sourcecode.swift; path = Camera.swift; sourceTree = "<group>"; };
		82E56A5E297FC81F00879E21 /* Rover.swift */ = {isa = PBXFileReference; lastKnownFileType = sourcecode.swift; path = Rover.swift; sourceTree = "<group>"; };
		82E56A60297FC82A00879E21 /* NASAImageAndVideoLibrary.swift */ = {isa = PBXFileReference; lastKnownFileType = sourcecode.swift; path = NASAImageAndVideoLibrary.swift; sourceTree = "<group>"; };
		82E56A62297FC83A00879E21 /* Collection.swift */ = {isa = PBXFileReference; lastKnownFileType = sourcecode.swift; path = Collection.swift; sourceTree = "<group>"; };
		82E56A64297FC84C00879E21 /* Item.swift */ = {isa = PBXFileReference; lastKnownFileType = sourcecode.swift; path = Item.swift; sourceTree = "<group>"; };
		82E56A66297FC86600879E21 /* LibraryData.swift */ = {isa = PBXFileReference; lastKnownFileType = sourcecode.swift; path = LibraryData.swift; sourceTree = "<group>"; };
		82E56A68297FC87A00879E21 /* Link.swift */ = {isa = PBXFileReference; lastKnownFileType = sourcecode.swift; path = Link.swift; sourceTree = "<group>"; };
		82E56A6A297FC89100879E21 /* Metadata.swift */ = {isa = PBXFileReference; lastKnownFileType = sourcecode.swift; path = Metadata.swift; sourceTree = "<group>"; };
		82E56A79297FE34800879E21 /* MarsPhotosListView.swift */ = {isa = PBXFileReference; lastKnownFileType = sourcecode.swift; path = MarsPhotosListView.swift; sourceTree = "<group>"; };
		82E56A7B297FE3B500879E21 /* MarsPhotosViewController.swift */ = {isa = PBXFileReference; lastKnownFileType = sourcecode.swift; path = MarsPhotosViewController.swift; sourceTree = "<group>"; };
		82E56A7D297FE3E700879E21 /* MarsPhotosCollectionViewCell.swift */ = {isa = PBXFileReference; lastKnownFileType = sourcecode.swift; path = MarsPhotosCollectionViewCell.swift; sourceTree = "<group>"; };
		82E56A7F297FE44500879E21 /* MarsPhotosListViewViewModel.swift */ = {isa = PBXFileReference; lastKnownFileType = sourcecode.swift; path = MarsPhotosListViewViewModel.swift; sourceTree = "<group>"; };
		82E56A81297FE46700879E21 /* MarsPhotosCollectionViewCellViewModel.swift */ = {isa = PBXFileReference; lastKnownFileType = sourcecode.swift; path = MarsPhotosCollectionViewCellViewModel.swift; sourceTree = "<group>"; };
		82E5933628D8FF3900C05065 /* RoundedImageView.swift */ = {isa = PBXFileReference; lastKnownFileType = sourcecode.swift; path = RoundedImageView.swift; sourceTree = "<group>"; };
		82E9B9402976059B000845B3 /* AnimationClass.swift */ = {isa = PBXFileReference; lastKnownFileType = sourcecode.swift; path = AnimationClass.swift; sourceTree = "<group>"; };
		82E9B94D29760751000845B3 /* spring.mp3 */ = {isa = PBXFileReference; lastKnownFileType = audio.mp3; path = spring.mp3; sourceTree = "<group>"; };
		82E9B950297607F0000845B3 /* NASATabBarController.swift */ = {isa = PBXFileReference; lastKnownFileType = sourcecode.swift; path = NASATabBarController.swift; sourceTree = "<group>"; };
		82F2572F28B838DD00824A80 /* Asteroid.swift */ = {isa = PBXFileReference; lastKnownFileType = sourcecode.swift; path = Asteroid.swift; sourceTree = "<group>"; };
		82F2573128B838F800824A80 /* AsteroidsViewModel.swift */ = {isa = PBXFileReference; lastKnownFileType = sourcecode.swift; path = AsteroidsViewModel.swift; sourceTree = "<group>"; };
		82F2573328B8392200824A80 /* AsteroidViewController.swift */ = {isa = PBXFileReference; lastKnownFileType = sourcecode.swift; path = AsteroidViewController.swift; sourceTree = "<group>"; };
		BDAA51A617C4D2A88B8622AD /* Pods_NASA_API.framework */ = {isa = PBXFileReference; explicitFileType = wrapper.framework; includeInIndex = 0; path = Pods_NASA_API.framework; sourceTree = BUILT_PRODUCTS_DIR; };
/* End PBXFileReference section */

/* Begin PBXFrameworksBuildPhase section */
		82C6F24028A4090E00B8EA70 /* Frameworks */ = {
			isa = PBXFrameworksBuildPhase;
			buildActionMask = 2147483647;
			files = (
				9F7E000EA48567FEF4191BFD /* Pods_NASA_API.framework in Frameworks */,
			);
			runOnlyForDeploymentPostprocessing = 0;
		};
/* End PBXFrameworksBuildPhase section */

/* Begin PBXGroup section */
		20E9D3F767A21A23C9F1EB99 /* Pods */ = {
			isa = PBXGroup;
			children = (
				201E09660E9CBBFEC1428311 /* Pods-NASA API.debug.xcconfig */,
				82A2E745B9C3FF7B18738670 /* Pods-NASA API.release.xcconfig */,
			);
			path = Pods;
			sourceTree = "<group>";
		};
		82148B7A298E57EC005FA95D /* Mars Weather */ = {
			isa = PBXGroup;
			children = (
				82148B7D298E57F4005FA95D /* Model */,
				82148B7C298E57F2005FA95D /* View */,
				82148B7B298E57F0005FA95D /* Presenter */,
			);
			path = "Mars Weather";
			sourceTree = "<group>";
		};
		82148B7B298E57F0005FA95D /* Presenter */ = {
			isa = PBXGroup;
			children = (
				82148B8A298E5F74005FA95D /* MarsWeatherPresenter.swift */,
			);
			path = Presenter;
			sourceTree = "<group>";
		};
		82148B7C298E57F2005FA95D /* View */ = {
			isa = PBXGroup;
			children = (
				82148B86298E58A5005FA95D /* MarsWeatherViewController.swift */,
			);
			path = View;
			sourceTree = "<group>";
		};
		82148B7D298E57F4005FA95D /* Model */ = {
			isa = PBXGroup;
			children = (
				82148B7E298E5842005FA95D /* MarsWeather.swift */,
				82148B80298E5866005FA95D /* ValidityChecks.swift */,
				82148B82298E5876005FA95D /* The1219.swift */,
				82148B84298E5885005FA95D /* At.swift */,
			);
			path = Model;
			sourceTree = "<group>";
		};
		82148B88298E5F2D005FA95D /* Splash Screen */ = {
			isa = PBXGroup;
			children = (
				82E56A17297E358B00879E21 /* SplashScreenController.swift */,
			);
			path = "Splash Screen";
			sourceTree = "<group>";
		};
		82148B89298E5F39005FA95D /* TabBar */ = {
			isa = PBXGroup;
			children = (
				82E9B950297607F0000845B3 /* NASATabBarController.swift */,
			);
			path = TabBar;
			sourceTree = "<group>";
		};
		8221EC6229EB31AB00D62FE2 /* Location  */ = {
			isa = PBXGroup;
			children = (
				8221EC6329EB31BA00D62FE2 /* LocationManager.swift */,
			);
			path = "Location ";
			sourceTree = "<group>";
		};
		8221EC6729EB336300D62FE2 /* Earth MVP */ = {
			isa = PBXGroup;
			children = (
				8221EC6A29EB336E00D62FE2 /* Model */,
				8221EC6929EB336D00D62FE2 /* View */,
				8221EC6829EB336B00D62FE2 /* Presenter */,
			);
			path = "Earth MVP";
			sourceTree = "<group>";
		};
		8221EC6829EB336B00D62FE2 /* Presenter */ = {
			isa = PBXGroup;
			children = (
				8221EC6F29EB33A700D62FE2 /* EarthPresenter.swift */,
			);
			path = Presenter;
			sourceTree = "<group>";
		};
		8221EC6929EB336D00D62FE2 /* View */ = {
			isa = PBXGroup;
			children = (
				8221EC7129EB387100D62FE2 /* EarthViewController.swift */,
			);
			path = View;
			sourceTree = "<group>";
		};
		8221EC6A29EB336E00D62FE2 /* Model */ = {
			isa = PBXGroup;
			children = (
				8221EC6B29EB337C00D62FE2 /* Earth.swift */,
				8221EC6D29EB339100D62FE2 /* Resource.swift */,
			);
			path = Model;
			sourceTree = "<group>";
		};
		8255247329BE54750067EB68 /* Settings MVVM */ = {
			isa = PBXGroup;
			children = (
				8255247629BE54A70067EB68 /* Model */,
				8255247529BE54A50067EB68 /* View */,
				8255247429BE54A30067EB68 /* ViewModel */,
			);
			path = "Settings MVVM";
			sourceTree = "<group>";
		};
		8255247429BE54A30067EB68 /* ViewModel */ = {
			isa = PBXGroup;
			children = (
				8255247B29BE56A60067EB68 /* NASASettingsViewViewModel.swift */,
				8255247D29BE56F70067EB68 /* NASASettingsCellViewModel.swift */,
			);
			path = ViewModel;
			sourceTree = "<group>";
		};
		8255247529BE54A50067EB68 /* View */ = {
			isa = PBXGroup;
			children = (
				8255247929BE56770067EB68 /* NASASettingsView.swift */,
				8255247F29BE58B20067EB68 /* NASASettingsViewController.swift */,
			);
			path = View;
			sourceTree = "<group>";
		};
		8255247629BE54A70067EB68 /* Model */ = {
			isa = PBXGroup;
			children = (
				8255247729BE55510067EB68 /* NASASettingsOption.swift */,
			);
			name = Model;
			sourceTree = "<group>";
		};
		827EA8BF29C8A390009570D3 /* Speech Recognition */ = {
			isa = PBXGroup;
			children = (
				827EA8C029C8A3AC009570D3 /* SpeechRecognition.swift */,
			);
			path = "Speech Recognition";
			sourceTree = "<group>";
		};
		82C1471729EC7A8200B94042 /* Calendar */ = {
			isa = PBXGroup;
			children = (
				82C1471829EC7AA300B94042 /* CalendarViewController.swift */,
			);
			path = Calendar;
			sourceTree = "<group>";
		};
		82C1471A29EC82EF00B94042 /* DateManager */ = {
			isa = PBXGroup;
			children = (
				82C1471B29EC830800B94042 /* DateManager.swift */,
			);
			path = DateManager;
			sourceTree = "<group>";
		};
		82C5ABF92981C23E00D26D7C /* APOD MVP */ = {
			isa = PBXGroup;
			children = (
				82C5ABFC2981C24E00D26D7C /* Model */,
				82C5ABFB2981C24C00D26D7C /* View */,
				82C5ABFA2981C24900D26D7C /* Presenter */,
			);
			path = "APOD MVP";
			sourceTree = "<group>";
		};
		82C5ABFA2981C24900D26D7C /* Presenter */ = {
			isa = PBXGroup;
			children = (
				82C5AC012981C4FA00D26D7C /* APODPresenter.swift */,
			);
			path = Presenter;
			sourceTree = "<group>";
		};
		82C5ABFB2981C24C00D26D7C /* View */ = {
			isa = PBXGroup;
			children = (
				82C5ABFF2981C2D900D26D7C /* APODViewController.swift */,
			);
			path = View;
			sourceTree = "<group>";
		};
		82C5ABFC2981C24E00D26D7C /* Model */ = {
			isa = PBXGroup;
			children = (
				82C5ABFD2981C2B100D26D7C /* Apod.swift */,
			);
			path = Model;
			sourceTree = "<group>";
		};
		82C5AC07298200B200D26D7C /* Sources */ = {
			isa = PBXGroup;
			children = (
				82E9B94B29760739000845B3 /* app */,
				82E9B94C29760748000845B3 /* sounds */,
			);
			path = Sources;
			sourceTree = "<group>";
		};
		82C5AC0829822F4000D26D7C /* ViewModels */ = {
			isa = PBXGroup;
			children = (
				82C5AC0929822F6A00D26D7C /* NASAImageInfoViewModel.swift */,
				82C5AC0B29822F8200D26D7C /* NASAImageViewModel.swift */,
				8221EC6529EB324800D62FE2 /* LocationViewModel.swift */,
			);
			path = ViewModels;
			sourceTree = "<group>";
		};
		82C5AC0D298261AE00D26D7C /* NASA Image Library MVVM */ = {
			isa = PBXGroup;
			children = (
				82C5AC10298261C000D26D7C /* Model */,
				82C5AC0F298261BE00D26D7C /* View */,
				82C5AC0E298261BB00D26D7C /* ViewModel */,
			);
			path = "NASA Image Library MVVM";
			sourceTree = "<group>";
		};
		82C5AC0E298261BB00D26D7C /* ViewModel */ = {
			isa = PBXGroup;
			children = (
				82C5AC13298263BE00D26D7C /* NASAImageLibraryListViewViewModel.swift */,
				82C5AC19298268D600D26D7C /* NASAImageLibraryCollectionViewCellViewModel.swift */,
			);
			path = ViewModel;
			sourceTree = "<group>";
		};
		82C5AC0F298261BE00D26D7C /* View */ = {
			isa = PBXGroup;
			children = (
				82C5AC15298265BD00D26D7C /* NASAImageLibraryViewController.swift */,
				82C5AC112982620000D26D7C /* NASAImageLibraryListView.swift */,
				82C5AC17298266F200D26D7C /* NASAImageLibraryCollectionViewCell.swift */,
			);
			path = View;
			sourceTree = "<group>";
		};
		82C5AC10298261C000D26D7C /* Model */ = {
			isa = PBXGroup;
			children = (
				82E56A60297FC82A00879E21 /* NASAImageAndVideoLibrary.swift */,
				82E56A62297FC83A00879E21 /* Collection.swift */,
				82E56A64297FC84C00879E21 /* Item.swift */,
				82E56A66297FC86600879E21 /* LibraryData.swift */,
				82E56A68297FC87A00879E21 /* Link.swift */,
				82E56A6A297FC89100879E21 /* Metadata.swift */,
			);
			path = Model;
			sourceTree = "<group>";
		};
		82C6F23A28A4090E00B8EA70 = {
			isa = PBXGroup;
			children = (
				82C6F24528A4090E00B8EA70 /* NASA API */,
				82C6F24428A4090E00B8EA70 /* Products */,
				20E9D3F767A21A23C9F1EB99 /* Pods */,
				EB5D853F23CAF89A8ADF7583 /* Frameworks */,
			);
			sourceTree = "<group>";
		};
		82C6F24428A4090E00B8EA70 /* Products */ = {
			isa = PBXGroup;
			children = (
				82C6F24328A4090E00B8EA70 /* NASA API.app */,
			);
			name = Products;
			sourceTree = "<group>";
		};
		82C6F24528A4090E00B8EA70 /* NASA API */ = {
			isa = PBXGroup;
			children = (
				82E9B94929760703000845B3 /* Resources */,
				82C5AC07298200B200D26D7C /* Sources */,
			);
			path = "NASA API";
			sourceTree = "<group>";
		};
		82C6F25A28A4091800B8EA70 /* MVP */ = {
			isa = PBXGroup;
			children = (
				82C6F25C28A4091F00B8EA70 /* View */,
				82C6F25B28A4091D00B8EA70 /* Presenter */,
			);
			path = MVP;
			sourceTree = "<group>";
		};
		82C6F25B28A4091D00B8EA70 /* Presenter */ = {
			isa = PBXGroup;
			children = (
				82C6F26028A40A1800B8EA70 /* NASAPresenter.swift */,
			);
			path = Presenter;
			sourceTree = "<group>";
		};
		82C6F25C28A4091F00B8EA70 /* View */ = {
			isa = PBXGroup;
			children = (
				82C6F26328A40BAA00B8EA70 /* ViewControllers */,
				82C6F26228A40BA800B8EA70 /* Cells */,
			);
			path = View;
			sourceTree = "<group>";
		};
		82C6F26228A40BA800B8EA70 /* Cells */ = {
			isa = PBXGroup;
			children = (
				8239551E28BEDA2B0064A1BB /* NasaImageCategoriesTableViewCell.swift */,
				826E245128A48101007AF962 /* NasaImagesTableViewCell.swift */,
			);
			path = Cells;
			sourceTree = "<group>";
		};
		82C6F26328A40BAA00B8EA70 /* ViewControllers */ = {
			isa = PBXGroup;
			children = (
				8239551C28BED9BD0064A1BB /* NASAImageCategoriesViewController.swift */,
				826E244F28A480DC007AF962 /* NASAImagesTableViewController.swift */,
				8239552228BF039B0064A1BB /* NASAImageDetailViewController.swift */,
				82D3C07928C5759700084046 /* NASAVideosTableViewController.swift */,
				82D3C07728C5743500084046 /* NASAVideoPlayerViewController.swift */,
			);
			path = ViewControllers;
			sourceTree = "<group>";
		};
		82E56A06297E2A3200879E21 /* NASA Image Categories MVVM */ = {
			isa = PBXGroup;
			children = (
				82E56A09297E2A4600879E21 /* Model */,
				82E56A08297E2A4400879E21 /* View */,
				82E56A07297E2A4200879E21 /* ViewModel */,
			);
			path = "NASA Image Categories MVVM";
			sourceTree = "<group>";
		};
		82E56A07297E2A4200879E21 /* ViewModel */ = {
			isa = PBXGroup;
			children = (
				82E569FE297E112300879E21 /* NASAImageCategoriesListViewViewModel.swift */,
				82E56A04297E167C00879E21 /* NASAImageCategoriesCollectionViewViewModel.swift */,
			);
			path = ViewModel;
			sourceTree = "<group>";
		};
		82E56A08297E2A4400879E21 /* View */ = {
			isa = PBXGroup;
			children = (
				82E56A00297E114F00879E21 /* NASAImageCategoriesListViewController.swift */,
				82E569FC297E110000879E21 /* NASAImageCategoriesListView.swift */,
				82E56A02297E128700879E21 /* NASAImageCategoriesCollectionViewCell.swift */,
			);
			path = View;
			sourceTree = "<group>";
		};
		82E56A09297E2A4600879E21 /* Model */ = {
			isa = PBXGroup;
			children = (
				8239552028BEDCE10064A1BB /* NasaImageCategory.swift */,
			);
			path = Model;
			sourceTree = "<group>";
		};
		82E56A0C297E31E800879E21 /* Extensions */ = {
			isa = PBXGroup;
			children = (
				82E56A0D297E31F800879E21 /* UIView + Extensions.swift */,
			);
			path = Extensions;
			sourceTree = "<group>";
		};
		82E56A2D297F682C00879E21 /* NASA EPIC Images MVVM */ = {
			isa = PBXGroup;
			children = (
				82E56A30297F683E00879E21 /* Model */,
				82E56A2F297F683C00879E21 /* View */,
				82E56A2E297F683A00879E21 /* ViewModel */,
			);
			path = "NASA EPIC Images MVVM";
			sourceTree = "<group>";
		};
		82E56A2E297F683A00879E21 /* ViewModel */ = {
			isa = PBXGroup;
			children = (
				82E56A39297F694D00879E21 /* EPICNASAImagesListViewViewModel.swift */,
				82E56A3B297F696A00879E21 /* NASAEPICImagesCollectionViewCellViewModel.swift */,
			);
			path = ViewModel;
			sourceTree = "<group>";
		};
		82E56A2F297F683C00879E21 /* View */ = {
			isa = PBXGroup;
			children = (
				82E56A35297F68F900879E21 /* EPICNASAImagesViewController.swift */,
				82E56A33297F68CA00879E21 /* EPICNASAImagesListView.swift */,
				82E56A37297F692100879E21 /* NASAEPICImagesCollectionViewCell.swift */,
			);
			path = View;
			sourceTree = "<group>";
		};
		82E56A30297F683E00879E21 /* Model */ = {
			isa = PBXGroup;
			children = (
				82E56A31297F688D00879E21 /* EPIC.swift */,
				82E56A46297F8A9200879E21 /* AttitudeQuaternions.swift */,
				82E56A48297F8AA500879E21 /* CentroidCoordinates.swift */,
				82E56A4A297F8AB900879E21 /* Coords.swift */,
				82E56A4C297F8AD000879E21 /* J2000Position.swift */,
			);
			path = Model;
			sourceTree = "<group>";
		};
		82E56A3D297F731B00879E21 /* API */ = {
			isa = PBXGroup;
			children = (
				82E56A3E297F732800879E21 /* NASAService.swift */,
			);
			path = API;
			sourceTree = "<group>";
		};
		82E56A4E297F8C0E00879E21 /* AudioPlayer */ = {
			isa = PBXGroup;
			children = (
				82E56A4F297F8C2400879E21 /* SoundClass.swift */,
			);
			path = AudioPlayer;
			sourceTree = "<group>";
		};
		82E56A75297FE2DD00879E21 /* NASA Mars Photos MVVM */ = {
			isa = PBXGroup;
			children = (
				82E56A78297FE2F900879E21 /* Model */,
				82E56A77297FE2F700879E21 /* View */,
				82E56A76297FE2F400879E21 /* ViewModel */,
			);
			path = "NASA Mars Photos MVVM";
			sourceTree = "<group>";
		};
		82E56A76297FE2F400879E21 /* ViewModel */ = {
			isa = PBXGroup;
			children = (
				82E56A7F297FE44500879E21 /* MarsPhotosListViewViewModel.swift */,
				82E56A81297FE46700879E21 /* MarsPhotosCollectionViewCellViewModel.swift */,
			);
			path = ViewModel;
			sourceTree = "<group>";
		};
		82E56A77297FE2F700879E21 /* View */ = {
			isa = PBXGroup;
			children = (
				82E56A79297FE34800879E21 /* MarsPhotosListView.swift */,
				82E56A7B297FE3B500879E21 /* MarsPhotosViewController.swift */,
				82E56A7D297FE3E700879E21 /* MarsPhotosCollectionViewCell.swift */,
			);
			path = View;
			sourceTree = "<group>";
		};
		82E56A78297FE2F900879E21 /* Model */ = {
			isa = PBXGroup;
			children = (
				82C6F25E28A4093500B8EA70 /* MarsImage.swift */,
				82E56A5A297FC7F100879E21 /* Photo.swift */,
				82E56A5C297FC80E00879E21 /* Camera.swift */,
				82E56A5E297FC81F00879E21 /* Rover.swift */,
			);
			path = Model;
			sourceTree = "<group>";
		};
		82E5933528D8FF0700C05065 /* Animation */ = {
			isa = PBXGroup;
			children = (
				82E9B9402976059B000845B3 /* AnimationClass.swift */,
			);
			path = Animation;
			sourceTree = "<group>";
		};
		82E9B93F29760588000845B3 /* Custom Views */ = {
			isa = PBXGroup;
			children = (
				82E5933628D8FF3900C05065 /* RoundedImageView.swift */,
			);
			path = "Custom Views";
			sourceTree = "<group>";
		};
		82E9B94329760604000845B3 /* Modules */ = {
			isa = PBXGroup;
			children = (
				82E9B94529760610000845B3 /* MVP Modules */,
				82E9B94429760609000845B3 /* MVVM Modules */,
				82E9B94629760641000845B3 /* Other Modules */,
			);
			path = Modules;
			sourceTree = "<group>";
		};
		82E9B94429760609000845B3 /* MVVM Modules */ = {
			isa = PBXGroup;
			children = (
				82E56A06297E2A3200879E21 /* NASA Image Categories MVVM */,
				82C5AC0D298261AE00D26D7C /* NASA Image Library MVVM */,
				82E56A75297FE2DD00879E21 /* NASA Mars Photos MVVM */,
				82E56A2D297F682C00879E21 /* NASA EPIC Images MVVM */,
				82F2572B28B837E000824A80 /* Asteroids MVVM + RxSwift */,
				8255247329BE54750067EB68 /* Settings MVVM */,
			);
			path = "MVVM Modules";
			sourceTree = "<group>";
		};
		82E9B94529760610000845B3 /* MVP Modules */ = {
			isa = PBXGroup;
			children = (
				82C5ABF92981C23E00D26D7C /* APOD MVP */,
				8221EC6729EB336300D62FE2 /* Earth MVP */,
				82148B7A298E57EC005FA95D /* Mars Weather */,
				82C6F25A28A4091800B8EA70 /* MVP */,
			);
			path = "MVP Modules";
			sourceTree = "<group>";
		};
		82E9B94629760641000845B3 /* Other Modules */ = {
			isa = PBXGroup;
			children = (
				82C1471729EC7A8200B94042 /* Calendar */,
				82148B88298E5F2D005FA95D /* Splash Screen */,
				82148B89298E5F39005FA95D /* TabBar */,
			);
			path = "Other Modules";
			sourceTree = "<group>";
		};
		82E9B94929760703000845B3 /* Resources */ = {
			isa = PBXGroup;
			children = (
				82C5AC0829822F4000D26D7C /* ViewModels */,
				82E56A0C297E31E800879E21 /* Extensions */,
				82E9B93F29760588000845B3 /* Custom Views */,
				82E9B94A29760710000845B3 /* Services */,
				82E9B94329760604000845B3 /* Modules */,
			);
			path = Resources;
			sourceTree = "<group>";
		};
		82E9B94A29760710000845B3 /* Services */ = {
			isa = PBXGroup;
			children = (
				82C1471A29EC82EF00B94042 /* DateManager */,
				8221EC6229EB31AB00D62FE2 /* Location  */,
				827EA8BF29C8A390009570D3 /* Speech Recognition */,
				82E56A4E297F8C0E00879E21 /* AudioPlayer */,
				82E56A3D297F731B00879E21 /* API */,
				82E5933528D8FF0700C05065 /* Animation */,
			);
			path = Services;
			sourceTree = "<group>";
		};
		82E9B94B29760739000845B3 /* app */ = {
			isa = PBXGroup;
			children = (
				82C6F24628A4090E00B8EA70 /* AppDelegate.swift */,
				82C6F24828A4090E00B8EA70 /* SceneDelegate.swift */,
				82C6F24F28A4091100B8EA70 /* Assets.xcassets */,
				82C6F25128A4091100B8EA70 /* LaunchScreen.storyboard */,
				82C6F25428A4091100B8EA70 /* Info.plist */,
			);
			path = app;
			sourceTree = "<group>";
		};
		82E9B94C29760748000845B3 /* sounds */ = {
			isa = PBXGroup;
			children = (
				82E9B94D29760751000845B3 /* spring.mp3 */,
				82C5AC042981FBEB00D26D7C /* space.wav */,
				82E56A58297FC65700879E21 /* camera.mp3 */,
				8255249629BE98B70067EB68 /* space music.mp3 */,
			);
			path = sounds;
			sourceTree = "<group>";
		};
		82F2572B28B837E000824A80 /* Asteroids MVVM + RxSwift */ = {
			isa = PBXGroup;
			children = (
				82F2572E28B837EE00824A80 /* Model */,
				82F2572D28B837EB00824A80 /* View */,
				82F2572C28B837E700824A80 /* ViewModel */,
			);
			path = "Asteroids MVVM + RxSwift";
			sourceTree = "<group>";
		};
		82F2572C28B837E700824A80 /* ViewModel */ = {
			isa = PBXGroup;
			children = (
				82F2573128B838F800824A80 /* AsteroidsViewModel.swift */,
			);
			path = ViewModel;
			sourceTree = "<group>";
		};
		82F2572D28B837EB00824A80 /* View */ = {
			isa = PBXGroup;
			children = (
				82F2573328B8392200824A80 /* AsteroidViewController.swift */,
			);
			path = View;
			sourceTree = "<group>";
		};
		82F2572E28B837EE00824A80 /* Model */ = {
			isa = PBXGroup;
			children = (
				82F2572F28B838DD00824A80 /* Asteroid.swift */,
				8255248129BE67D20067EB68 /* AsteroidLinks.swift */,
				8255248329BE67E30067EB68 /* NearEarthObject.swift */,
				8255248529BE67F60067EB68 /* CloseApproachDatum.swift */,
				8255248729BE68050067EB68 /* MissDistance.swift */,
				8255248929BE68130067EB68 /* OrbitingBody.swift */,
				8255248B29BE68220067EB68 /* RelativeVelocity.swift */,
				8255248D29BE68310067EB68 /* EstimatedDiameter.swift */,
				8255248F29BE68400067EB68 /* Feet.swift */,
				8255249129BE684E0067EB68 /* NearEarthObjectLinks.swift */,
			);
			path = Model;
			sourceTree = "<group>";
		};
		EB5D853F23CAF89A8ADF7583 /* Frameworks */ = {
			isa = PBXGroup;
			children = (
				BDAA51A617C4D2A88B8622AD /* Pods_NASA_API.framework */,
			);
			name = Frameworks;
			sourceTree = "<group>";
		};
/* End PBXGroup section */

/* Begin PBXNativeTarget section */
		82C6F24228A4090E00B8EA70 /* NASA API */ = {
			isa = PBXNativeTarget;
			buildConfigurationList = 82C6F25728A4091100B8EA70 /* Build configuration list for PBXNativeTarget "NASA API" */;
			buildPhases = (
				AC2823B683BB1E7213B8E4D3 /* [CP] Check Pods Manifest.lock */,
				82C6F23F28A4090E00B8EA70 /* Sources */,
				82C6F24028A4090E00B8EA70 /* Frameworks */,
				82C6F24128A4090E00B8EA70 /* Resources */,
				95E8225C29333FD01C29CD27 /* [CP] Embed Pods Frameworks */,
			);
			buildRules = (
			);
			dependencies = (
			);
			name = "NASA API";
			productName = "NASA API";
			productReference = 82C6F24328A4090E00B8EA70 /* NASA API.app */;
			productType = "com.apple.product-type.application";
		};
/* End PBXNativeTarget section */

/* Begin PBXProject section */
		82C6F23B28A4090E00B8EA70 /* Project object */ = {
			isa = PBXProject;
			attributes = {
				BuildIndependentTargetsInParallel = 1;
				LastSwiftUpdateCheck = 1340;
				LastUpgradeCheck = 1340;
				TargetAttributes = {
					82C6F24228A4090E00B8EA70 = {
						CreatedOnToolsVersion = 13.4.1;
					};
				};
			};
			buildConfigurationList = 82C6F23E28A4090E00B8EA70 /* Build configuration list for PBXProject "NASA API" */;
			compatibilityVersion = "Xcode 13.0";
			developmentRegion = en;
			hasScannedForEncodings = 0;
			knownRegions = (
				en,
				Base,
			);
			mainGroup = 82C6F23A28A4090E00B8EA70;
			productRefGroup = 82C6F24428A4090E00B8EA70 /* Products */;
			projectDirPath = "";
			projectRoot = "";
			targets = (
				82C6F24228A4090E00B8EA70 /* NASA API */,
			);
		};
/* End PBXProject section */

/* Begin PBXResourcesBuildPhase section */
		82C6F24128A4090E00B8EA70 /* Resources */ = {
			isa = PBXResourcesBuildPhase;
			buildActionMask = 2147483647;
			files = (
				82C5AC052981FBEB00D26D7C /* space.wav in Resources */,
				82E56A59297FC65700879E21 /* camera.mp3 in Resources */,
				82C6F25328A4091100B8EA70 /* LaunchScreen.storyboard in Resources */,
				82C6F25028A4091100B8EA70 /* Assets.xcassets in Resources */,
				8255249729BE98B70067EB68 /* space music.mp3 in Resources */,
			);
			runOnlyForDeploymentPostprocessing = 0;
		};
/* End PBXResourcesBuildPhase section */

/* Begin PBXShellScriptBuildPhase section */
		95E8225C29333FD01C29CD27 /* [CP] Embed Pods Frameworks */ = {
			isa = PBXShellScriptBuildPhase;
			buildActionMask = 2147483647;
			files = (
			);
			inputFileListPaths = (
				"${PODS_ROOT}/Target Support Files/Pods-NASA API/Pods-NASA API-frameworks-${CONFIGURATION}-input-files.xcfilelist",
			);
			name = "[CP] Embed Pods Frameworks";
			outputFileListPaths = (
				"${PODS_ROOT}/Target Support Files/Pods-NASA API/Pods-NASA API-frameworks-${CONFIGURATION}-output-files.xcfilelist",
			);
			runOnlyForDeploymentPostprocessing = 0;
			shellPath = /bin/sh;
			shellScript = "\"${PODS_ROOT}/Target Support Files/Pods-NASA API/Pods-NASA API-frameworks.sh\"\n";
			showEnvVarsInLog = 0;
		};
		AC2823B683BB1E7213B8E4D3 /* [CP] Check Pods Manifest.lock */ = {
			isa = PBXShellScriptBuildPhase;
			buildActionMask = 2147483647;
			files = (
			);
			inputFileListPaths = (
			);
			inputPaths = (
				"${PODS_PODFILE_DIR_PATH}/Podfile.lock",
				"${PODS_ROOT}/Manifest.lock",
			);
			name = "[CP] Check Pods Manifest.lock";
			outputFileListPaths = (
			);
			outputPaths = (
				"$(DERIVED_FILE_DIR)/Pods-NASA API-checkManifestLockResult.txt",
			);
			runOnlyForDeploymentPostprocessing = 0;
			shellPath = /bin/sh;
			shellScript = "diff \"${PODS_PODFILE_DIR_PATH}/Podfile.lock\" \"${PODS_ROOT}/Manifest.lock\" > /dev/null\nif [ $? != 0 ] ; then\n    # print error to STDERR\n    echo \"error: The sandbox is not in sync with the Podfile.lock. Run 'pod install' or update your CocoaPods installation.\" >&2\n    exit 1\nfi\n# This output is used by Xcode 'outputs' to avoid re-running this script phase.\necho \"SUCCESS\" > \"${SCRIPT_OUTPUT_FILE_0}\"\n";
			showEnvVarsInLog = 0;
		};
/* End PBXShellScriptBuildPhase section */

/* Begin PBXSourcesBuildPhase section */
		82C6F23F28A4090E00B8EA70 /* Sources */ = {
			isa = PBXSourcesBuildPhase;
			buildActionMask = 2147483647;
			files = (
				82E56A3F297F732800879E21 /* NASAService.swift in Sources */,
				82E56A4B297F8AB900879E21 /* Coords.swift in Sources */,
				82C5AC122982620000D26D7C /* NASAImageLibraryListView.swift in Sources */,
				8255249229BE684E0067EB68 /* NearEarthObjectLinks.swift in Sources */,
				82148B85298E5885005FA95D /* At.swift in Sources */,
				82148B7F298E5842005FA95D /* MarsWeather.swift in Sources */,
				8255247C29BE56A60067EB68 /* NASASettingsViewViewModel.swift in Sources */,
				82148B81298E5866005FA95D /* ValidityChecks.swift in Sources */,
				82D3C07828C5743500084046 /* NASAVideoPlayerViewController.swift in Sources */,
				8255247A29BE56770067EB68 /* NASASettingsView.swift in Sources */,
				82E56A80297FE44500879E21 /* MarsPhotosListViewViewModel.swift in Sources */,
				82E56A7E297FE3E700879E21 /* MarsPhotosCollectionViewCell.swift in Sources */,
				82C5AC0C29822F8200D26D7C /* NASAImageViewModel.swift in Sources */,
				82E56A7A297FE34800879E21 /* MarsPhotosListView.swift in Sources */,
				8239551F28BEDA2B0064A1BB /* NasaImageCategoriesTableViewCell.swift in Sources */,
				8221EC6E29EB339100D62FE2 /* Resource.swift in Sources */,
				82E56A32297F688D00879E21 /* EPIC.swift in Sources */,
				82E56A50297F8C2400879E21 /* SoundClass.swift in Sources */,
				82C5AC1A298268D600D26D7C /* NASAImageLibraryCollectionViewCellViewModel.swift in Sources */,
				82E56A65297FC84C00879E21 /* Item.swift in Sources */,
				82C5AC002981C2D900D26D7C /* APODViewController.swift in Sources */,
				82E569FD297E110000879E21 /* NASAImageCategoriesListView.swift in Sources */,
				8255248029BE58B20067EB68 /* NASASettingsViewController.swift in Sources */,
				82D3C07A28C5759700084046 /* NASAVideosTableViewController.swift in Sources */,
				82C6F25F28A4093500B8EA70 /* MarsImage.swift in Sources */,
				82E56A36297F68F900879E21 /* EPICNASAImagesViewController.swift in Sources */,
				8239552328BF039B0064A1BB /* NASAImageDetailViewController.swift in Sources */,
				82E9B9412976059B000845B3 /* AnimationClass.swift in Sources */,
				82148B83298E5876005FA95D /* The1219.swift in Sources */,
				8255248229BE67D20067EB68 /* AsteroidLinks.swift in Sources */,
				82E56A5B297FC7F100879E21 /* Photo.swift in Sources */,
				82E56A34297F68CA00879E21 /* EPICNASAImagesListView.swift in Sources */,
				82C1471929EC7AA300B94042 /* CalendarViewController.swift in Sources */,
				8239551D28BED9BD0064A1BB /* NASAImageCategoriesViewController.swift in Sources */,
				82E56A82297FE46700879E21 /* MarsPhotosCollectionViewCellViewModel.swift in Sources */,
				82148B8B298E5F74005FA95D /* MarsWeatherPresenter.swift in Sources */,
				82F2573228B838F800824A80 /* AsteroidsViewModel.swift in Sources */,
				8221EC7029EB33A700D62FE2 /* EarthPresenter.swift in Sources */,
				82C5AC0A29822F6A00D26D7C /* NASAImageInfoViewModel.swift in Sources */,
				82E56A61297FC82A00879E21 /* NASAImageAndVideoLibrary.swift in Sources */,
				82E56A6B297FC89100879E21 /* Metadata.swift in Sources */,
				8255248A29BE68130067EB68 /* OrbitingBody.swift in Sources */,
				827EA8C129C8A3AC009570D3 /* SpeechRecognition.swift in Sources */,
				826E245028A480DC007AF962 /* NASAImagesTableViewController.swift in Sources */,
				8239552128BEDCE10064A1BB /* NasaImageCategory.swift in Sources */,
				82E5933728D8FF3900C05065 /* RoundedImageView.swift in Sources */,
				8255249029BE68400067EB68 /* Feet.swift in Sources */,
				82C5AC14298263BE00D26D7C /* NASAImageLibraryListViewViewModel.swift in Sources */,
				82E56A3A297F694D00879E21 /* EPICNASAImagesListViewViewModel.swift in Sources */,
				82E56A5F297FC81F00879E21 /* Rover.swift in Sources */,
				8221EC6C29EB337C00D62FE2 /* Earth.swift in Sources */,
				82E56A67297FC86600879E21 /* LibraryData.swift in Sources */,
				82E56A69297FC87A00879E21 /* Link.swift in Sources */,
				82E56A49297F8AA500879E21 /* CentroidCoordinates.swift in Sources */,
				82E569FF297E112300879E21 /* NASAImageCategoriesListViewViewModel.swift in Sources */,
				82C6F24728A4090E00B8EA70 /* AppDelegate.swift in Sources */,
				8255248829BE68050067EB68 /* MissDistance.swift in Sources */,
				82E56A5D297FC80E00879E21 /* Camera.swift in Sources */,
				82E56A01297E114F00879E21 /* NASAImageCategoriesListViewController.swift in Sources */,
				82C6F24928A4090E00B8EA70 /* SceneDelegate.swift in Sources */,
				82E56A0E297E31F800879E21 /* UIView + Extensions.swift in Sources */,
				82C1471C29EC830800B94042 /* DateManager.swift in Sources */,
				82C6F26128A40A1800B8EA70 /* NASAPresenter.swift in Sources */,
				82E56A3C297F696A00879E21 /* NASAEPICImagesCollectionViewCellViewModel.swift in Sources */,
				82C5AC16298265BD00D26D7C /* NASAImageLibraryViewController.swift in Sources */,
				826E245228A48101007AF962 /* NasaImagesTableViewCell.swift in Sources */,
				82E56A4D297F8AD000879E21 /* J2000Position.swift in Sources */,
				82E56A63297FC83A00879E21 /* Collection.swift in Sources */,
				8255247E29BE56F70067EB68 /* NASASettingsCellViewModel.swift in Sources */,
				82E56A18297E358B00879E21 /* SplashScreenController.swift in Sources */,
				82E56A7C297FE3B500879E21 /* MarsPhotosViewController.swift in Sources */,
				82F2573028B838DD00824A80 /* Asteroid.swift in Sources */,
				8221EC6629EB324800D62FE2 /* LocationViewModel.swift in Sources */,
				8221EC7229EB387100D62FE2 /* EarthViewController.swift in Sources */,
				82C5AC022981C4FA00D26D7C /* APODPresenter.swift in Sources */,
				8221EC6429EB31BA00D62FE2 /* LocationManager.swift in Sources */,
				8255248E29BE68310067EB68 /* EstimatedDiameter.swift in Sources */,
				82C5ABFE2981C2B100D26D7C /* Apod.swift in Sources */,
				8255248629BE67F60067EB68 /* CloseApproachDatum.swift in Sources */,
				82E56A03297E128700879E21 /* NASAImageCategoriesCollectionViewCell.swift in Sources */,
				82E56A05297E167C00879E21 /* NASAImageCategoriesCollectionViewViewModel.swift in Sources */,
				82E56A47297F8A9200879E21 /* AttitudeQuaternions.swift in Sources */,
				82E9B951297607F0000845B3 /* NASATabBarController.swift in Sources */,
				82C5AC18298266F200D26D7C /* NASAImageLibraryCollectionViewCell.swift in Sources */,
				8255248429BE67E30067EB68 /* NearEarthObject.swift in Sources */,
				82E56A38297F692100879E21 /* NASAEPICImagesCollectionViewCell.swift in Sources */,
				8255247829BE55510067EB68 /* NASASettingsOption.swift in Sources */,
				82148B87298E58A5005FA95D /* MarsWeatherViewController.swift in Sources */,
				8255248C29BE68220067EB68 /* RelativeVelocity.swift in Sources */,
				82F2573428B8392200824A80 /* AsteroidViewController.swift in Sources */,
			);
			runOnlyForDeploymentPostprocessing = 0;
		};
/* End PBXSourcesBuildPhase section */

/* Begin PBXVariantGroup section */
		82C6F25128A4091100B8EA70 /* LaunchScreen.storyboard */ = {
			isa = PBXVariantGroup;
			children = (
				82C6F25228A4091100B8EA70 /* Base */,
			);
			name = LaunchScreen.storyboard;
			sourceTree = "<group>";
		};
/* End PBXVariantGroup section */

/* Begin XCBuildConfiguration section */
		82C6F25528A4091100B8EA70 /* Debug */ = {
			isa = XCBuildConfiguration;
			buildSettings = {
				ALWAYS_SEARCH_USER_PATHS = NO;
				CLANG_ANALYZER_NONNULL = YES;
				CLANG_ANALYZER_NUMBER_OBJECT_CONVERSION = YES_AGGRESSIVE;
				CLANG_CXX_LANGUAGE_STANDARD = "gnu++17";
				CLANG_ENABLE_MODULES = YES;
				CLANG_ENABLE_OBJC_ARC = YES;
				CLANG_ENABLE_OBJC_WEAK = YES;
				CLANG_WARN_BLOCK_CAPTURE_AUTORELEASING = YES;
				CLANG_WARN_BOOL_CONVERSION = YES;
				CLANG_WARN_COMMA = YES;
				CLANG_WARN_CONSTANT_CONVERSION = YES;
				CLANG_WARN_DEPRECATED_OBJC_IMPLEMENTATIONS = YES;
				CLANG_WARN_DIRECT_OBJC_ISA_USAGE = YES_ERROR;
				CLANG_WARN_DOCUMENTATION_COMMENTS = YES;
				CLANG_WARN_EMPTY_BODY = YES;
				CLANG_WARN_ENUM_CONVERSION = YES;
				CLANG_WARN_INFINITE_RECURSION = YES;
				CLANG_WARN_INT_CONVERSION = YES;
				CLANG_WARN_NON_LITERAL_NULL_CONVERSION = YES;
				CLANG_WARN_OBJC_IMPLICIT_RETAIN_SELF = YES;
				CLANG_WARN_OBJC_LITERAL_CONVERSION = YES;
				CLANG_WARN_OBJC_ROOT_CLASS = YES_ERROR;
				CLANG_WARN_QUOTED_INCLUDE_IN_FRAMEWORK_HEADER = YES;
				CLANG_WARN_RANGE_LOOP_ANALYSIS = YES;
				CLANG_WARN_STRICT_PROTOTYPES = YES;
				CLANG_WARN_SUSPICIOUS_MOVE = YES;
				CLANG_WARN_UNGUARDED_AVAILABILITY = YES_AGGRESSIVE;
				CLANG_WARN_UNREACHABLE_CODE = YES;
				CLANG_WARN__DUPLICATE_METHOD_MATCH = YES;
				COPY_PHASE_STRIP = NO;
				DEBUG_INFORMATION_FORMAT = dwarf;
				ENABLE_STRICT_OBJC_MSGSEND = YES;
				ENABLE_TESTABILITY = YES;
				GCC_C_LANGUAGE_STANDARD = gnu11;
				GCC_DYNAMIC_NO_PIC = NO;
				GCC_NO_COMMON_BLOCKS = YES;
				GCC_OPTIMIZATION_LEVEL = 0;
				GCC_PREPROCESSOR_DEFINITIONS = (
					"DEBUG=1",
					"$(inherited)",
				);
				GCC_WARN_64_TO_32_BIT_CONVERSION = YES;
				GCC_WARN_ABOUT_RETURN_TYPE = YES_ERROR;
				GCC_WARN_UNDECLARED_SELECTOR = YES;
				GCC_WARN_UNINITIALIZED_AUTOS = YES_AGGRESSIVE;
				GCC_WARN_UNUSED_FUNCTION = YES;
				GCC_WARN_UNUSED_VARIABLE = YES;
				IPHONEOS_DEPLOYMENT_TARGET = 15.5;
				MTL_ENABLE_DEBUG_INFO = INCLUDE_SOURCE;
				MTL_FAST_MATH = YES;
				ONLY_ACTIVE_ARCH = YES;
				SDKROOT = iphoneos;
				SWIFT_ACTIVE_COMPILATION_CONDITIONS = DEBUG;
				SWIFT_OPTIMIZATION_LEVEL = "-Onone";
			};
			name = Debug;
		};
		82C6F25628A4091100B8EA70 /* Release */ = {
			isa = XCBuildConfiguration;
			buildSettings = {
				ALWAYS_SEARCH_USER_PATHS = NO;
				CLANG_ANALYZER_NONNULL = YES;
				CLANG_ANALYZER_NUMBER_OBJECT_CONVERSION = YES_AGGRESSIVE;
				CLANG_CXX_LANGUAGE_STANDARD = "gnu++17";
				CLANG_ENABLE_MODULES = YES;
				CLANG_ENABLE_OBJC_ARC = YES;
				CLANG_ENABLE_OBJC_WEAK = YES;
				CLANG_WARN_BLOCK_CAPTURE_AUTORELEASING = YES;
				CLANG_WARN_BOOL_CONVERSION = YES;
				CLANG_WARN_COMMA = YES;
				CLANG_WARN_CONSTANT_CONVERSION = YES;
				CLANG_WARN_DEPRECATED_OBJC_IMPLEMENTATIONS = YES;
				CLANG_WARN_DIRECT_OBJC_ISA_USAGE = YES_ERROR;
				CLANG_WARN_DOCUMENTATION_COMMENTS = YES;
				CLANG_WARN_EMPTY_BODY = YES;
				CLANG_WARN_ENUM_CONVERSION = YES;
				CLANG_WARN_INFINITE_RECURSION = YES;
				CLANG_WARN_INT_CONVERSION = YES;
				CLANG_WARN_NON_LITERAL_NULL_CONVERSION = YES;
				CLANG_WARN_OBJC_IMPLICIT_RETAIN_SELF = YES;
				CLANG_WARN_OBJC_LITERAL_CONVERSION = YES;
				CLANG_WARN_OBJC_ROOT_CLASS = YES_ERROR;
				CLANG_WARN_QUOTED_INCLUDE_IN_FRAMEWORK_HEADER = YES;
				CLANG_WARN_RANGE_LOOP_ANALYSIS = YES;
				CLANG_WARN_STRICT_PROTOTYPES = YES;
				CLANG_WARN_SUSPICIOUS_MOVE = YES;
				CLANG_WARN_UNGUARDED_AVAILABILITY = YES_AGGRESSIVE;
				CLANG_WARN_UNREACHABLE_CODE = YES;
				CLANG_WARN__DUPLICATE_METHOD_MATCH = YES;
				COPY_PHASE_STRIP = NO;
				DEBUG_INFORMATION_FORMAT = "dwarf-with-dsym";
				ENABLE_NS_ASSERTIONS = NO;
				ENABLE_STRICT_OBJC_MSGSEND = YES;
				GCC_C_LANGUAGE_STANDARD = gnu11;
				GCC_NO_COMMON_BLOCKS = YES;
				GCC_WARN_64_TO_32_BIT_CONVERSION = YES;
				GCC_WARN_ABOUT_RETURN_TYPE = YES_ERROR;
				GCC_WARN_UNDECLARED_SELECTOR = YES;
				GCC_WARN_UNINITIALIZED_AUTOS = YES_AGGRESSIVE;
				GCC_WARN_UNUSED_FUNCTION = YES;
				GCC_WARN_UNUSED_VARIABLE = YES;
				IPHONEOS_DEPLOYMENT_TARGET = 15.5;
				MTL_ENABLE_DEBUG_INFO = NO;
				MTL_FAST_MATH = YES;
				SDKROOT = iphoneos;
				SWIFT_COMPILATION_MODE = wholemodule;
				SWIFT_OPTIMIZATION_LEVEL = "-O";
				VALIDATE_PRODUCT = YES;
			};
			name = Release;
		};
		82C6F25828A4091100B8EA70 /* Debug */ = {
			isa = XCBuildConfiguration;
			baseConfigurationReference = 201E09660E9CBBFEC1428311 /* Pods-NASA API.debug.xcconfig */;
			buildSettings = {
				ASSETCATALOG_COMPILER_APPICON_NAME = AppIcon;
				ASSETCATALOG_COMPILER_GLOBAL_ACCENT_COLOR_NAME = AccentColor;
				CODE_SIGN_STYLE = Automatic;
				CURRENT_PROJECT_VERSION = 1;
				DEVELOPMENT_TEAM = 265GKHT32M;
				GENERATE_INFOPLIST_FILE = YES;
				INFOPLIST_FILE = "NASA API/Sources/app/Info.plist";
				INFOPLIST_KEY_UIApplicationSupportsIndirectInputEvents = YES;
				INFOPLIST_KEY_UILaunchStoryboardName = LaunchScreen;
				INFOPLIST_KEY_UISupportedInterfaceOrientations_iPad = "UIInterfaceOrientationPortrait UIInterfaceOrientationPortraitUpsideDown UIInterfaceOrientationLandscapeLeft UIInterfaceOrientationLandscapeRight";
				INFOPLIST_KEY_UISupportedInterfaceOrientations_iPhone = "UIInterfaceOrientationPortrait UIInterfaceOrientationLandscapeLeft UIInterfaceOrientationLandscapeRight";
				LD_RUNPATH_SEARCH_PATHS = (
					"$(inherited)",
					"@executable_path/Frameworks",
				);
				MARKETING_VERSION = 1.0;
				PRODUCT_BUNDLE_IDENTIFIER = "com.NASA-API";
				PRODUCT_NAME = "$(TARGET_NAME)";
				SWIFT_EMIT_LOC_STRINGS = YES;
				SWIFT_VERSION = 5.0;
				TARGETED_DEVICE_FAMILY = "1,2";
			};
			name = Debug;
		};
		82C6F25928A4091100B8EA70 /* Release */ = {
			isa = XCBuildConfiguration;
			baseConfigurationReference = 82A2E745B9C3FF7B18738670 /* Pods-NASA API.release.xcconfig */;
			buildSettings = {
				ASSETCATALOG_COMPILER_APPICON_NAME = AppIcon;
				ASSETCATALOG_COMPILER_GLOBAL_ACCENT_COLOR_NAME = AccentColor;
				CODE_SIGN_STYLE = Automatic;
				CURRENT_PROJECT_VERSION = 1;
				DEVELOPMENT_TEAM = 265GKHT32M;
				GENERATE_INFOPLIST_FILE = YES;
				INFOPLIST_FILE = "NASA API/Sources/app/Info.plist";
				INFOPLIST_KEY_UIApplicationSupportsIndirectInputEvents = YES;
				INFOPLIST_KEY_UILaunchStoryboardName = LaunchScreen;
				INFOPLIST_KEY_UISupportedInterfaceOrientations_iPad = "UIInterfaceOrientationPortrait UIInterfaceOrientationPortraitUpsideDown UIInterfaceOrientationLandscapeLeft UIInterfaceOrientationLandscapeRight";
				INFOPLIST_KEY_UISupportedInterfaceOrientations_iPhone = "UIInterfaceOrientationPortrait UIInterfaceOrientationLandscapeLeft UIInterfaceOrientationLandscapeRight";
				LD_RUNPATH_SEARCH_PATHS = (
					"$(inherited)",
					"@executable_path/Frameworks",
				);
				MARKETING_VERSION = 1.0;
				PRODUCT_BUNDLE_IDENTIFIER = "com.NASA-API";
				PRODUCT_NAME = "$(TARGET_NAME)";
				SWIFT_EMIT_LOC_STRINGS = YES;
				SWIFT_VERSION = 5.0;
				TARGETED_DEVICE_FAMILY = "1,2";
			};
			name = Release;
		};
/* End XCBuildConfiguration section */

/* Begin XCConfigurationList section */
		82C6F23E28A4090E00B8EA70 /* Build configuration list for PBXProject "NASA API" */ = {
			isa = XCConfigurationList;
			buildConfigurations = (
				82C6F25528A4091100B8EA70 /* Debug */,
				82C6F25628A4091100B8EA70 /* Release */,
			);
			defaultConfigurationIsVisible = 0;
			defaultConfigurationName = Release;
		};
		82C6F25728A4091100B8EA70 /* Build configuration list for PBXNativeTarget "NASA API" */ = {
			isa = XCConfigurationList;
			buildConfigurations = (
				82C6F25828A4091100B8EA70 /* Debug */,
				82C6F25928A4091100B8EA70 /* Release */,
			);
			defaultConfigurationIsVisible = 0;
			defaultConfigurationName = Release;
		};
/* End XCConfigurationList section */
	};
	rootObject = 82C6F23B28A4090E00B8EA70 /* Project object */;
}
